# This file is automatically @generated by Cargo.
# It is not intended for manual editing.
version = 4

[[package]]
name = "Cells_with_Odd_Values_in_a_Matrix_1252"
version = "0.1.0"

[[package]]
name = "Find_Common_Characters_1002"
version = "0.1.0"

[[package]]
name = "Find_Subarrays_With_Equal_Sum_2395"
version = "0.1.0"

[[package]]
name = "Find_the_Distance_Value_Between_Two_Arrays_1385"
version = "0.1.0"

[[package]]
name = "Number_of_Laser_Beams_in_a_Bank_2125"
version = "0.1.0"

[[package]]
name = "Shuffle_String_1528"
version = "0.1.0"

[[package]]
name = "Simple_Bank_System_2043"
version = "0.1.0"
