# This file is automatically @generated by Cargo.
# It is not intended for manual editing.
version = 4

[[package]]
name = "Cells_with_Odd_Values_in_a_Matrix_1252"
version = "0.1.0"

[[package]]
name = "Find_Common_Characters_1002"
version = "0.1.0"

[[package]]
name = "Find_Subarrays_With_Equal_Sum_2395"
version = "0.1.0"
